
Microsoft Visual Studio Solution File, Format Version 12.00
# Visual Studio Version 17
VisualStudioVersion = 17.9.34701.34
MinimumVisualStudioVersion = 10.0.40219.1
Project("{FAE04EC0-301F-11D3-BF4B-00C04F79EFBC}") = "Login", "Login.csproj", "{407FC70A-98D4-48BE-8FC7-9CED9EE67D92}"
EndProject
Project("{54435603-DBB4-11D2-8724-00A0C9A8B90C}") = "Setup", "..\Setup\Setup.vdproj", "{325A3446-5633-4979-9542-436ACD939A7E}"
EndProject
Project("{840C416C-B8F3-42BC-B0DD-F6BB14C9F8CB}") = "RegistrationForm", "..\RegistrationForm\RegistrationForm.aiproj", "{CBB50BBF-100F-4640-B0CA-4318E1A9C04D}"
EndProject
Global
	GlobalSection(SolutionConfigurationPlatforms) = preSolution
		All|Any CPU = All|Any CPU
		Debug|Any CPU = Debug|Any CPU
		DefaultBuild|Any CPU = DefaultBuild|Any CPU
		Release|Any CPU = Release|Any CPU
	EndGlobalSection
	GlobalSection(ProjectConfigurationPlatforms) = postSolution
		{407FC70A-98D4-48BE-8FC7-9CED9EE67D92}.All|Any CPU.ActiveCfg = Release|Any CPU
		{407FC70A-98D4-48BE-8FC7-9CED9EE67D92}.All|Any CPU.Build.0 = Release|Any CPU
		{407FC70A-98D4-48BE-8FC7-9CED9EE67D92}.Debug|Any CPU.ActiveCfg = Debug|Any CPU
		{407FC70A-98D4-48BE-8FC7-9CED9EE67D92}.Debug|Any CPU.Build.0 = Debug|Any CPU
		{407FC70A-98D4-48BE-8FC7-9CED9EE67D92}.DefaultBuild|Any CPU.ActiveCfg = Debug|Any CPU
		{407FC70A-98D4-48BE-8FC7-9CED9EE67D92}.DefaultBuild|Any CPU.Build.0 = Debug|Any CPU
		{407FC70A-98D4-48BE-8FC7-9CED9EE67D92}.Release|Any CPU.ActiveCfg = Release|Any CPU
		{407FC70A-98D4-48BE-8FC7-9CED9EE67D92}.Release|Any CPU.Build.0 = Release|Any CPU
		{325A3446-5633-4979-9542-436ACD939A7E}.All|Any CPU.ActiveCfg = Debug
		{325A3446-5633-4979-9542-436ACD939A7E}.All|Any CPU.Build.0 = Debug
		{325A3446-5633-4979-9542-436ACD939A7E}.Debug|Any CPU.ActiveCfg = Debug
		{325A3446-5633-4979-9542-436ACD939A7E}.DefaultBuild|Any CPU.ActiveCfg = Debug
		{325A3446-5633-4979-9542-436ACD939A7E}.DefaultBuild|Any CPU.Build.0 = Debug
		{325A3446-5633-4979-9542-436ACD939A7E}.Release|Any CPU.ActiveCfg = Release
		{CBB50BBF-100F-4640-B0CA-4318E1A9C04D}.All|Any CPU.ActiveCfg = DefaultBuild
		{CBB50BBF-100F-4640-B0CA-4318E1A9C04D}.All|Any CPU.Build.0 = DefaultBuild
		{CBB50BBF-100F-4640-B0CA-4318E1A9C04D}.Debug|Any CPU.ActiveCfg = DefaultBuild
		{CBB50BBF-100F-4640-B0CA-4318E1A9C04D}.Debug|Any CPU.Build.0 = DefaultBuild
		{CBB50BBF-100F-4640-B0CA-4318E1A9C04D}.DefaultBuild|Any CPU.ActiveCfg = DefaultBuild
		{CBB50BBF-100F-4640-B0CA-4318E1A9C04D}.DefaultBuild|Any CPU.Build.0 = DefaultBuild
		{CBB50BBF-100F-4640-B0CA-4318E1A9C04D}.Release|Any CPU.ActiveCfg = DefaultBuild
		{CBB50BBF-100F-4640-B0CA-4318E1A9C04D}.Release|Any CPU.Build.0 = DefaultBuild
	EndGlobalSection
	GlobalSection(SolutionProperties) = preSolution
		HideSolutionNode = FALSE
	EndGlobalSection
	GlobalSection(ExtensibilityGlobals) = postSolution
		SolutionGuid = {61B24C35-DCC8-4A29-868C-E826D9675900}
	EndGlobalSection
EndGlobal
